
Microsoft Visual Studio Solution File, Format Version 12.00
# Visual Studio Version 17
VisualStudioVersion = 17.0.32014.148
MinimumVisualStudioVersion = 10.0.40219.1
Project("{FAE04EC0-301F-11D3-BF4B-00C04F79EFBC}") = "SuperSchedule.Startup", "SuperSchedule.Startup\SuperSchedule.Startup.csproj", "{B55A6E09-4F65-4BB4-A3EA-1FAB9D4E08BA}"
EndProject
Project("{FAE04EC0-301F-11D3-BF4B-00C04F79EFBC}") = "SuperSchedule.Database", "SuperSchedule.Database\SuperSchedule.Database.csproj", "{10BA8370-D45E-4DEE-AAB5-6B0665EB825B}"
EndProject
Global
	GlobalSection(SolutionConfigurationPlatforms) = preSolution
		Debug|Any CPU = Debug|Any CPU
		Release|Any CPU = Release|Any CPU
	EndGlobalSection
	GlobalSection(ProjectConfigurationPlatforms) = postSolution
		{B55A6E09-4F65-4BB4-A3EA-1FAB9D4E08BA}.Debug|Any CPU.ActiveCfg = Debug|Any CPU
		{B55A6E09-4F65-4BB4-A3EA-1FAB9D4E08BA}.Debug|Any CPU.Build.0 = Debug|Any CPU
		{B55A6E09-4F65-4BB4-A3EA-1FAB9D4E08BA}.Release|Any CPU.ActiveCfg = Release|Any CPU
		{B55A6E09-4F65-4BB4-A3EA-1FAB9D4E08BA}.Release|Any CPU.Build.0 = Release|Any CPU
		{10BA8370-D45E-4DEE-AAB5-6B0665EB825B}.Debug|Any CPU.ActiveCfg = Debug|Any CPU
		{10BA8370-D45E-4DEE-AAB5-6B0665EB825B}.Debug|Any CPU.Build.0 = Debug|Any CPU
		{10BA8370-D45E-4DEE-AAB5-6B0665EB825B}.Release|Any CPU.ActiveCfg = Release|Any CPU
		{10BA8370-D45E-4DEE-AAB5-6B0665EB825B}.Release|Any CPU.Build.0 = Release|Any CPU
	EndGlobalSection
	GlobalSection(SolutionProperties) = preSolution
		HideSolutionNode = FALSE
	EndGlobalSection
	GlobalSection(ExtensibilityGlobals) = postSolution
		SolutionGuid = {764DB798-7576-4718-8E19-9DFAFEA51B93}
	EndGlobalSection
EndGlobal
